
Microsoft Visual Studio Solution File, Format Version 12.00
# Visual Studio 15
VisualStudioVersion = 15.0.26730.15
MinimumVisualStudioVersion = 10.0.40219.1
Project("{FAE04EC0-301F-11D3-BF4B-00C04F79EFBC}") = "ColognePhoneticsSharp", "ColognePhoneticsSharp\ColognePhoneticsSharp.csproj", "{236FE1C9-02C8-4895-8463-84D73D338F1A}"
EndProject
Project("{FAE04EC0-301F-11D3-BF4B-00C04F79EFBC}") = "ColognePhoneticsSharp.Tests", "ColognePhoneticsSharp.Tests\ColognePhoneticsSharp.Tests.csproj", "{73A697F4-6E19-4B81-AB6F-CE2675FB0511}"
EndProject
Global
	GlobalSection(SolutionConfigurationPlatforms) = preSolution
		Debug|Any CPU = Debug|Any CPU
		Release|Any CPU = Release|Any CPU
	EndGlobalSection
	GlobalSection(ProjectConfigurationPlatforms) = postSolution
		{236FE1C9-02C8-4895-8463-84D73D338F1A}.Debug|Any CPU.ActiveCfg = Debug|Any CPU
		{236FE1C9-02C8-4895-8463-84D73D338F1A}.Debug|Any CPU.Build.0 = Debug|Any CPU
		{236FE1C9-02C8-4895-8463-84D73D338F1A}.Release|Any CPU.ActiveCfg = Release|Any CPU
		{236FE1C9-02C8-4895-8463-84D73D338F1A}.Release|Any CPU.Build.0 = Release|Any CPU
		{73A697F4-6E19-4B81-AB6F-CE2675FB0511}.Debug|Any CPU.ActiveCfg = Debug|Any CPU
		{73A697F4-6E19-4B81-AB6F-CE2675FB0511}.Debug|Any CPU.Build.0 = Debug|Any CPU
		{73A697F4-6E19-4B81-AB6F-CE2675FB0511}.Release|Any CPU.ActiveCfg = Release|Any CPU
		{73A697F4-6E19-4B81-AB6F-CE2675FB0511}.Release|Any CPU.Build.0 = Release|Any CPU
	EndGlobalSection
	GlobalSection(SolutionProperties) = preSolution
		HideSolutionNode = FALSE
	EndGlobalSection
	GlobalSection(ExtensibilityGlobals) = postSolution
		SolutionGuid = {0717F2CD-8C84-4684-A43C-698169C6C6C4}
	EndGlobalSection
EndGlobal
